
Microsoft Visual Studio Solution File, Format Version 12.00
# Visual Studio Version 16
VisualStudioVersion = 16.0.29519.181
MinimumVisualStudioVersion = 10.0.40219.1
Project("{8BC9CEB8-8B4A-11D0-8D11-00A0C91BC942}") = "ESP82_IntexSPA", "ESP82_IntexSPA.vcxproj", "{C5F80730-F44F-4478-BDAE-6634EFC2CA88}"
EndProject
Project("{8BC9CEB8-8B4A-11D0-8D11-00A0C91BC942}") = "AdvancedWebServer", "C:\Users\renau\AppData\Local\arduino15\packages\esp8266\hardware\esp8266\2.4.1\libraries\ESP8266WebServer\examples\AdvancedWebServer\AdvancedWebServer.vcxproj", "{E52BE062-A400-45ED-848F-147176D5D75D}"
EndProject
Global
	GlobalSection(SolutionConfigurationPlatforms) = preSolution
		Debug|x86 = Debug|x86
		Release|x86 = Release|x86
	EndGlobalSection
	GlobalSection(ProjectConfigurationPlatforms) = postSolution
		{C5F80730-F44F-4478-BDAE-6634EFC2CA88}.Debug|x86.ActiveCfg = Debug|Win32
		{C5F80730-F44F-4478-BDAE-6634EFC2CA88}.Debug|x86.Build.0 = Debug|Win32
		{C5F80730-F44F-4478-BDAE-6634EFC2CA88}.Release|x86.ActiveCfg = Release|Win32
		{C5F80730-F44F-4478-BDAE-6634EFC2CA88}.Release|x86.Build.0 = Release|Win32
		{E52BE062-A400-45ED-848F-147176D5D75D}.Debug|x86.ActiveCfg = Debug|Win32
		{E52BE062-A400-45ED-848F-147176D5D75D}.Debug|x86.Build.0 = Debug|Win32
		{E52BE062-A400-45ED-848F-147176D5D75D}.Release|x86.ActiveCfg = Release|Win32
		{E52BE062-A400-45ED-848F-147176D5D75D}.Release|x86.Build.0 = Release|Win32
	EndGlobalSection
	GlobalSection(SolutionProperties) = preSolution
		HideSolutionNode = FALSE
	EndGlobalSection
	GlobalSection(ExtensibilityGlobals) = postSolution
		SolutionGuid = {2D277B6C-8BD2-4A0E-A85C-0E48A11CAAA4}
	EndGlobalSection
EndGlobal
